
Microsoft Visual Studio Solution File, Format Version 12.00
# Visual Studio Version 17
VisualStudioVersion = 17.13.35818.85
MinimumVisualStudioVersion = 10.0.40219.1
Project("{8BC9CEB8-8B4A-11D0-8D11-00A0C91BC942}") = "Queue", "Queue\Queue.vcxproj", "{E9AFE7EC-F55E-4987-B903-15D2769465B7}"
EndProject
Project("{8BC9CEB8-8B4A-11D0-8D11-00A0C91BC942}") = "Stack", "Stack\Stack.vcxproj", "{84D08F8B-859D-408E-9FD4-D50A0F086B5F}"
EndProject
Project("{8BC9CEB8-8B4A-11D0-8D11-00A0C91BC942}") = "List", "List\List.vcxproj", "{1D4604F9-FA4E-4A57-BC5D-4EB128D707C4}"
EndProject
Project("{8BC9CEB8-8B4A-11D0-8D11-00A0C91BC942}") = "CeramicArray", "CeramicArray\CeramicArray.vcxproj", "{422CAB56-C289-4256-8E1F-B2E0882FD752}"
EndProject
Project("{8BC9CEB8-8B4A-11D0-8D11-00A0C91BC942}") = "Map", "Map\Map.vcxproj", "{25D40A7A-AC10-429C-B111-72A879461952}"
EndProject
Project("{8BC9CEB8-8B4A-11D0-8D11-00A0C91BC942}") = "PartitionableArray", "PartitionableArray\PartitionableArray.vcxproj", "{410C711E-5742-4118-A1D6-B8C48743FE9C}"
EndProject
Project("{8BC9CEB8-8B4A-11D0-8D11-00A0C91BC942}") = "SArray", "SArray\SArray.vcxproj", "{F8AC5A7B-DA9C-4708-A60D-DCB8973A380A}"
EndProject
Project("{8BC9CEB8-8B4A-11D0-8D11-00A0C91BC942}") = "Sequence", "Sequence\Sequence.vcxproj", "{F6F00997-A62F-485F-9B7E-053BDFDBBC4D}"
EndProject
Project("{8BC9CEB8-8B4A-11D0-8D11-00A0C91BC942}") = "Set", "Set\Set.vcxproj", "{877709E7-3263-4547-BE36-788667DB4FA9}"
EndProject
Project("{8BC9CEB8-8B4A-11D0-8D11-00A0C91BC942}") = "SMachine", "SMachine\SMachine.vcxproj", "{3B876DEB-983A-4F0B-95BC-A73B992AFF87}"
EndProject
Project("{8BC9CEB8-8B4A-11D0-8D11-00A0C91BC942}") = "TwoWayList", "TwoWayList\TwoWayList.vcxproj", "{CB995C56-B2F7-42DC-82DE-D9952322545B}"
EndProject
Project("{8BC9CEB8-8B4A-11D0-8D11-00A0C91BC942}") = "PreemptableQueue", "PreemptableQueue\PreemptableQueue.vcxproj", "{874EB584-F31F-49EF-AD7C-8ACD571FF428}"
EndProject
Project("{8BC9CEB8-8B4A-11D0-8D11-00A0C91BC942}") = "ListMonolithDriver", "ListMonolithDriver\ListMonolithDriver.vcxproj", "{2233F67D-98CC-452C-8361-24CBA7DECEDB}"
EndProject
Project("{8BC9CEB8-8B4A-11D0-8D11-00A0C91BC942}") = "SeqMonolithDriver", "SeqMonolithDriver\SeqMonolithDriver.vcxproj", "{DC6C176E-F828-4D1B-B467-43CAC5E9A957}"
EndProject
Project("{8BC9CEB8-8B4A-11D0-8D11-00A0C91BC942}") = "BoundedQueue", "BoundedQueue\BoundedQueue.vcxproj", "{8CD105E0-7948-43FC-9E54-8024C5EFF190}"
EndProject
Project("{8BC9CEB8-8B4A-11D0-8D11-00A0C91BC942}") = "BoundedSMachine", "BoundedSMachine\BoundedSMachine.vcxproj", "{F3E080DA-7408-4B5F-9F19-064376940B27}"
EndProject
Project("{8BC9CEB8-8B4A-11D0-8D11-00A0C91BC942}") = "BoundedSequence", "BoundedSequence\BoundedSequence.vcxproj", "{8D4B56B0-FED6-4308-B3AE-26593DEBBACB}"
EndProject
Project("{8BC9CEB8-8B4A-11D0-8D11-00A0C91BC942}") = "BoundedList", "BoundedList\BoundedList.vcxproj", "{CE4714B8-1D4F-4C5E-A345-278BA411F686}"
EndProject
Project("{8BC9CEB8-8B4A-11D0-8D11-00A0C91BC942}") = "WrapperLib", "WrapperLib\WrapperLib.vcxproj", "{F8997C52-FC01-41F4-8EC3-F5902D10E355}"
EndProject
Project("{8BC9CEB8-8B4A-11D0-8D11-00A0C91BC942}") = "UUGraph", "UUGraph\UUGraph.vcxproj", "{B903062B-784A-47A1-A3A6-856999E2F52F}"
EndProject
Global
	GlobalSection(SolutionConfigurationPlatforms) = preSolution
		Debug|x64 = Debug|x64
		Debug|x86 = Debug|x86
		Release|x64 = Release|x64
		Release|x86 = Release|x86
	EndGlobalSection
	GlobalSection(ProjectConfigurationPlatforms) = postSolution
		{E9AFE7EC-F55E-4987-B903-15D2769465B7}.Debug|x64.ActiveCfg = Debug|x64
		{E9AFE7EC-F55E-4987-B903-15D2769465B7}.Debug|x64.Build.0 = Debug|x64
		{E9AFE7EC-F55E-4987-B903-15D2769465B7}.Debug|x86.ActiveCfg = Debug|Win32
		{E9AFE7EC-F55E-4987-B903-15D2769465B7}.Debug|x86.Build.0 = Debug|Win32
		{E9AFE7EC-F55E-4987-B903-15D2769465B7}.Release|x64.ActiveCfg = Release|x64
		{E9AFE7EC-F55E-4987-B903-15D2769465B7}.Release|x64.Build.0 = Release|x64
		{E9AFE7EC-F55E-4987-B903-15D2769465B7}.Release|x86.ActiveCfg = Release|Win32
		{E9AFE7EC-F55E-4987-B903-15D2769465B7}.Release|x86.Build.0 = Release|Win32
		{84D08F8B-859D-408E-9FD4-D50A0F086B5F}.Debug|x64.ActiveCfg = Debug|x64
		{84D08F8B-859D-408E-9FD4-D50A0F086B5F}.Debug|x64.Build.0 = Debug|x64
		{84D08F8B-859D-408E-9FD4-D50A0F086B5F}.Debug|x86.ActiveCfg = Debug|Win32
		{84D08F8B-859D-408E-9FD4-D50A0F086B5F}.Debug|x86.Build.0 = Debug|Win32
		{84D08F8B-859D-408E-9FD4-D50A0F086B5F}.Release|x64.ActiveCfg = Release|x64
		{84D08F8B-859D-408E-9FD4-D50A0F086B5F}.Release|x64.Build.0 = Release|x64
		{84D08F8B-859D-408E-9FD4-D50A0F086B5F}.Release|x86.ActiveCfg = Release|Win32
		{84D08F8B-859D-408E-9FD4-D50A0F086B5F}.Release|x86.Build.0 = Release|Win32
		{1D4604F9-FA4E-4A57-BC5D-4EB128D707C4}.Debug|x64.ActiveCfg = Debug|x64
		{1D4604F9-FA4E-4A57-BC5D-4EB128D707C4}.Debug|x64.Build.0 = Debug|x64
		{1D4604F9-FA4E-4A57-BC5D-4EB128D707C4}.Debug|x86.ActiveCfg = Debug|Win32
		{1D4604F9-FA4E-4A57-BC5D-4EB128D707C4}.Debug|x86.Build.0 = Debug|Win32
		{1D4604F9-FA4E-4A57-BC5D-4EB128D707C4}.Release|x64.ActiveCfg = Release|x64
		{1D4604F9-FA4E-4A57-BC5D-4EB128D707C4}.Release|x64.Build.0 = Release|x64
		{1D4604F9-FA4E-4A57-BC5D-4EB128D707C4}.Release|x86.ActiveCfg = Release|Win32
		{1D4604F9-FA4E-4A57-BC5D-4EB128D707C4}.Release|x86.Build.0 = Release|Win32
		{422CAB56-C289-4256-8E1F-B2E0882FD752}.Debug|x64.ActiveCfg = Debug|x64
		{422CAB56-C289-4256-8E1F-B2E0882FD752}.Debug|x64.Build.0 = Debug|x64
		{422CAB56-C289-4256-8E1F-B2E0882FD752}.Debug|x86.ActiveCfg = Debug|Win32
		{422CAB56-C289-4256-8E1F-B2E0882FD752}.Debug|x86.Build.0 = Debug|Win32
		{422CAB56-C289-4256-8E1F-B2E0882FD752}.Release|x64.ActiveCfg = Release|x64
		{422CAB56-C289-4256-8E1F-B2E0882FD752}.Release|x64.Build.0 = Release|x64
		{422CAB56-C289-4256-8E1F-B2E0882FD752}.Release|x86.ActiveCfg = Release|Win32
		{422CAB56-C289-4256-8E1F-B2E0882FD752}.Release|x86.Build.0 = Release|Win32
		{25D40A7A-AC10-429C-B111-72A879461952}.Debug|x64.ActiveCfg = Debug|x64
		{25D40A7A-AC10-429C-B111-72A879461952}.Debug|x64.Build.0 = Debug|x64
		{25D40A7A-AC10-429C-B111-72A879461952}.Debug|x86.ActiveCfg = Debug|Win32
		{25D40A7A-AC10-429C-B111-72A879461952}.Debug|x86.Build.0 = Debug|Win32
		{25D40A7A-AC10-429C-B111-72A879461952}.Release|x64.ActiveCfg = Release|x64
		{25D40A7A-AC10-429C-B111-72A879461952}.Release|x64.Build.0 = Release|x64
		{25D40A7A-AC10-429C-B111-72A879461952}.Release|x86.ActiveCfg = Release|Win32
		{25D40A7A-AC10-429C-B111-72A879461952}.Release|x86.Build.0 = Release|Win32
		{410C711E-5742-4118-A1D6-B8C48743FE9C}.Debug|x64.ActiveCfg = Debug|x64
		{410C711E-5742-4118-A1D6-B8C48743FE9C}.Debug|x64.Build.0 = Debug|x64
		{410C711E-5742-4118-A1D6-B8C48743FE9C}.Debug|x86.ActiveCfg = Debug|Win32
		{410C711E-5742-4118-A1D6-B8C48743FE9C}.Debug|x86.Build.0 = Debug|Win32
		{410C711E-5742-4118-A1D6-B8C48743FE9C}.Release|x64.ActiveCfg = Release|x64
		{410C711E-5742-4118-A1D6-B8C48743FE9C}.Release|x64.Build.0 = Release|x64
		{410C711E-5742-4118-A1D6-B8C48743FE9C}.Release|x86.ActiveCfg = Release|Win32
		{410C711E-5742-4118-A1D6-B8C48743FE9C}.Release|x86.Build.0 = Release|Win32
		{F8AC5A7B-DA9C-4708-A60D-DCB8973A380A}.Debug|x64.ActiveCfg = Debug|x64
		{F8AC5A7B-DA9C-4708-A60D-DCB8973A380A}.Debug|x64.Build.0 = Debug|x64
		{F8AC5A7B-DA9C-4708-A60D-DCB8973A380A}.Debug|x86.ActiveCfg = Debug|Win32
		{F8AC5A7B-DA9C-4708-A60D-DCB8973A380A}.Debug|x86.Build.0 = Debug|Win32
		{F8AC5A7B-DA9C-4708-A60D-DCB8973A380A}.Release|x64.ActiveCfg = Release|x64
		{F8AC5A7B-DA9C-4708-A60D-DCB8973A380A}.Release|x64.Build.0 = Release|x64
		{F8AC5A7B-DA9C-4708-A60D-DCB8973A380A}.Release|x86.ActiveCfg = Release|Win32
		{F8AC5A7B-DA9C-4708-A60D-DCB8973A380A}.Release|x86.Build.0 = Release|Win32
		{F6F00997-A62F-485F-9B7E-053BDFDBBC4D}.Debug|x64.ActiveCfg = Debug|x64
		{F6F00997-A62F-485F-9B7E-053BDFDBBC4D}.Debug|x64.Build.0 = Debug|x64
		{F6F00997-A62F-485F-9B7E-053BDFDBBC4D}.Debug|x86.ActiveCfg = Debug|Win32
		{F6F00997-A62F-485F-9B7E-053BDFDBBC4D}.Debug|x86.Build.0 = Debug|Win32
		{F6F00997-A62F-485F-9B7E-053BDFDBBC4D}.Release|x64.ActiveCfg = Release|x64
		{F6F00997-A62F-485F-9B7E-053BDFDBBC4D}.Release|x64.Build.0 = Release|x64
		{F6F00997-A62F-485F-9B7E-053BDFDBBC4D}.Release|x86.ActiveCfg = Release|Win32
		{F6F00997-A62F-485F-9B7E-053BDFDBBC4D}.Release|x86.Build.0 = Release|Win32
		{877709E7-3263-4547-BE36-788667DB4FA9}.Debug|x64.ActiveCfg = Debug|x64
		{877709E7-3263-4547-BE36-788667DB4FA9}.Debug|x64.Build.0 = Debug|x64
		{877709E7-3263-4547-BE36-788667DB4FA9}.Debug|x86.ActiveCfg = Debug|Win32
		{877709E7-3263-4547-BE36-788667DB4FA9}.Debug|x86.Build.0 = Debug|Win32
		{877709E7-3263-4547-BE36-788667DB4FA9}.Release|x64.ActiveCfg = Release|x64
		{877709E7-3263-4547-BE36-788667DB4FA9}.Release|x64.Build.0 = Release|x64
		{877709E7-3263-4547-BE36-788667DB4FA9}.Release|x86.ActiveCfg = Release|Win32
		{877709E7-3263-4547-BE36-788667DB4FA9}.Release|x86.Build.0 = Release|Win32
		{3B876DEB-983A-4F0B-95BC-A73B992AFF87}.Debug|x64.ActiveCfg = Debug|x64
		{3B876DEB-983A-4F0B-95BC-A73B992AFF87}.Debug|x64.Build.0 = Debug|x64
		{3B876DEB-983A-4F0B-95BC-A73B992AFF87}.Debug|x86.ActiveCfg = Debug|Win32
		{3B876DEB-983A-4F0B-95BC-A73B992AFF87}.Debug|x86.Build.0 = Debug|Win32
		{3B876DEB-983A-4F0B-95BC-A73B992AFF87}.Release|x64.ActiveCfg = Release|x64
		{3B876DEB-983A-4F0B-95BC-A73B992AFF87}.Release|x64.Build.0 = Release|x64
		{3B876DEB-983A-4F0B-95BC-A73B992AFF87}.Release|x86.ActiveCfg = Release|Win32
		{3B876DEB-983A-4F0B-95BC-A73B992AFF87}.Release|x86.Build.0 = Release|Win32
		{CB995C56-B2F7-42DC-82DE-D9952322545B}.Debug|x64.ActiveCfg = Debug|x64
		{CB995C56-B2F7-42DC-82DE-D9952322545B}.Debug|x64.Build.0 = Debug|x64
		{CB995C56-B2F7-42DC-82DE-D9952322545B}.Debug|x86.ActiveCfg = Debug|Win32
		{CB995C56-B2F7-42DC-82DE-D9952322545B}.Debug|x86.Build.0 = Debug|Win32
		{CB995C56-B2F7-42DC-82DE-D9952322545B}.Release|x64.ActiveCfg = Release|x64
		{CB995C56-B2F7-42DC-82DE-D9952322545B}.Release|x64.Build.0 = Release|x64
		{CB995C56-B2F7-42DC-82DE-D9952322545B}.Release|x86.ActiveCfg = Release|Win32
		{CB995C56-B2F7-42DC-82DE-D9952322545B}.Release|x86.Build.0 = Release|Win32
		{874EB584-F31F-49EF-AD7C-8ACD571FF428}.Debug|x64.ActiveCfg = Debug|x64
		{874EB584-F31F-49EF-AD7C-8ACD571FF428}.Debug|x64.Build.0 = Debug|x64
		{874EB584-F31F-49EF-AD7C-8ACD571FF428}.Debug|x86.ActiveCfg = Debug|Win32
		{874EB584-F31F-49EF-AD7C-8ACD571FF428}.Debug|x86.Build.0 = Debug|Win32
		{874EB584-F31F-49EF-AD7C-8ACD571FF428}.Release|x64.ActiveCfg = Release|x64
		{874EB584-F31F-49EF-AD7C-8ACD571FF428}.Release|x64.Build.0 = Release|x64
		{874EB584-F31F-49EF-AD7C-8ACD571FF428}.Release|x86.ActiveCfg = Release|Win32
		{874EB584-F31F-49EF-AD7C-8ACD571FF428}.Release|x86.Build.0 = Release|Win32
		{2233F67D-98CC-452C-8361-24CBA7DECEDB}.Debug|x64.ActiveCfg = Debug|x64
		{2233F67D-98CC-452C-8361-24CBA7DECEDB}.Debug|x64.Build.0 = Debug|x64
		{2233F67D-98CC-452C-8361-24CBA7DECEDB}.Debug|x86.ActiveCfg = Debug|Win32
		{2233F67D-98CC-452C-8361-24CBA7DECEDB}.Debug|x86.Build.0 = Debug|Win32
		{2233F67D-98CC-452C-8361-24CBA7DECEDB}.Release|x64.ActiveCfg = Release|x64
		{2233F67D-98CC-452C-8361-24CBA7DECEDB}.Release|x64.Build.0 = Release|x64
		{2233F67D-98CC-452C-8361-24CBA7DECEDB}.Release|x86.ActiveCfg = Release|Win32
		{2233F67D-98CC-452C-8361-24CBA7DECEDB}.Release|x86.Build.0 = Release|Win32
		{DC6C176E-F828-4D1B-B467-43CAC5E9A957}.Debug|x64.ActiveCfg = Debug|x64
		{DC6C176E-F828-4D1B-B467-43CAC5E9A957}.Debug|x64.Build.0 = Debug|x64
		{DC6C176E-F828-4D1B-B467-43CAC5E9A957}.Debug|x86.ActiveCfg = Debug|Win32
		{DC6C176E-F828-4D1B-B467-43CAC5E9A957}.Debug|x86.Build.0 = Debug|Win32
		{DC6C176E-F828-4D1B-B467-43CAC5E9A957}.Release|x64.ActiveCfg = Release|x64
		{DC6C176E-F828-4D1B-B467-43CAC5E9A957}.Release|x64.Build.0 = Release|x64
		{DC6C176E-F828-4D1B-B467-43CAC5E9A957}.Release|x86.ActiveCfg = Release|Win32
		{DC6C176E-F828-4D1B-B467-43CAC5E9A957}.Release|x86.Build.0 = Release|Win32
		{8CD105E0-7948-43FC-9E54-8024C5EFF190}.Debug|x64.ActiveCfg = Debug|x64
		{8CD105E0-7948-43FC-9E54-8024C5EFF190}.Debug|x64.Build.0 = Debug|x64
		{8CD105E0-7948-43FC-9E54-8024C5EFF190}.Debug|x86.ActiveCfg = Debug|Win32
		{8CD105E0-7948-43FC-9E54-8024C5EFF190}.Debug|x86.Build.0 = Debug|Win32
		{8CD105E0-7948-43FC-9E54-8024C5EFF190}.Release|x64.ActiveCfg = Release|x64
		{8CD105E0-7948-43FC-9E54-8024C5EFF190}.Release|x64.Build.0 = Release|x64
		{8CD105E0-7948-43FC-9E54-8024C5EFF190}.Release|x86.ActiveCfg = Release|Win32
		{8CD105E0-7948-43FC-9E54-8024C5EFF190}.Release|x86.Build.0 = Release|Win32
		{F3E080DA-7408-4B5F-9F19-064376940B27}.Debug|x64.ActiveCfg = Debug|x64
		{F3E080DA-7408-4B5F-9F19-064376940B27}.Debug|x64.Build.0 = Debug|x64
		{F3E080DA-7408-4B5F-9F19-064376940B27}.Debug|x86.ActiveCfg = Debug|Win32
		{F3E080DA-7408-4B5F-9F19-064376940B27}.Debug|x86.Build.0 = Debug|Win32
		{F3E080DA-7408-4B5F-9F19-064376940B27}.Release|x64.ActiveCfg = Release|x64
		{F3E080DA-7408-4B5F-9F19-064376940B27}.Release|x64.Build.0 = Release|x64
		{F3E080DA-7408-4B5F-9F19-064376940B27}.Release|x86.ActiveCfg = Release|Win32
		{F3E080DA-7408-4B5F-9F19-064376940B27}.Release|x86.Build.0 = Release|Win32
		{8D4B56B0-FED6-4308-B3AE-26593DEBBACB}.Debug|x64.ActiveCfg = Debug|x64
		{8D4B56B0-FED6-4308-B3AE-26593DEBBACB}.Debug|x64.Build.0 = Debug|x64
		{8D4B56B0-FED6-4308-B3AE-26593DEBBACB}.Debug|x86.ActiveCfg = Debug|Win32
		{8D4B56B0-FED6-4308-B3AE-26593DEBBACB}.Debug|x86.Build.0 = Debug|Win32
		{8D4B56B0-FED6-4308-B3AE-26593DEBBACB}.Release|x64.ActiveCfg = Release|x64
		{8D4B56B0-FED6-4308-B3AE-26593DEBBACB}.Release|x64.Build.0 = Release|x64
		{8D4B56B0-FED6-4308-B3AE-26593DEBBACB}.Release|x86.ActiveCfg = Release|Win32
		{8D4B56B0-FED6-4308-B3AE-26593DEBBACB}.Release|x86.Build.0 = Release|Win32
		{CE4714B8-1D4F-4C5E-A345-278BA411F686}.Debug|x64.ActiveCfg = Debug|x64
		{CE4714B8-1D4F-4C5E-A345-278BA411F686}.Debug|x64.Build.0 = Debug|x64
		{CE4714B8-1D4F-4C5E-A345-278BA411F686}.Debug|x86.ActiveCfg = Debug|Win32
		{CE4714B8-1D4F-4C5E-A345-278BA411F686}.Debug|x86.Build.0 = Debug|Win32
		{CE4714B8-1D4F-4C5E-A345-278BA411F686}.Release|x64.ActiveCfg = Release|x64
		{CE4714B8-1D4F-4C5E-A345-278BA411F686}.Release|x64.Build.0 = Release|x64
		{CE4714B8-1D4F-4C5E-A345-278BA411F686}.Release|x86.ActiveCfg = Release|Win32
		{CE4714B8-1D4F-4C5E-A345-278BA411F686}.Release|x86.Build.0 = Release|Win32
		{F8997C52-FC01-41F4-8EC3-F5902D10E355}.Debug|x64.ActiveCfg = Debug|x64
		{F8997C52-FC01-41F4-8EC3-F5902D10E355}.Debug|x64.Build.0 = Debug|x64
		{F8997C52-FC01-41F4-8EC3-F5902D10E355}.Debug|x86.ActiveCfg = Debug|Win32
		{F8997C52-FC01-41F4-8EC3-F5902D10E355}.Debug|x86.Build.0 = Debug|Win32
		{F8997C52-FC01-41F4-8EC3-F5902D10E355}.Release|x64.ActiveCfg = Release|x64
		{F8997C52-FC01-41F4-8EC3-F5902D10E355}.Release|x64.Build.0 = Release|x64
		{F8997C52-FC01-41F4-8EC3-F5902D10E355}.Release|x86.ActiveCfg = Release|Win32
		{F8997C52-FC01-41F4-8EC3-F5902D10E355}.Release|x86.Build.0 = Release|Win32
		{B903062B-784A-47A1-A3A6-856999E2F52F}.Debug|x64.ActiveCfg = Debug|x64
		{B903062B-784A-47A1-A3A6-856999E2F52F}.Debug|x64.Build.0 = Debug|x64
		{B903062B-784A-47A1-A3A6-856999E2F52F}.Debug|x86.ActiveCfg = Debug|Win32
		{B903062B-784A-47A1-A3A6-856999E2F52F}.Debug|x86.Build.0 = Debug|Win32
		{B903062B-784A-47A1-A3A6-856999E2F52F}.Release|x64.ActiveCfg = Release|x64
		{B903062B-784A-47A1-A3A6-856999E2F52F}.Release|x64.Build.0 = Release|x64
		{B903062B-784A-47A1-A3A6-856999E2F52F}.Release|x86.ActiveCfg = Release|Win32
		{B903062B-784A-47A1-A3A6-856999E2F52F}.Release|x86.Build.0 = Release|Win32
	EndGlobalSection
	GlobalSection(SolutionProperties) = preSolution
		HideSolutionNode = FALSE
	EndGlobalSection
	GlobalSection(ExtensibilityGlobals) = postSolution
		SolutionGuid = {4B29A8E9-B0CB-4355-83C1-EAA4FE13BCBF}
	EndGlobalSection
EndGlobal
